
Microsoft Visual Studio Solution File, Format Version 12.00
# Visual Studio Version 17
VisualStudioVersion = 17.8.34511.84
MinimumVisualStudioVersion = 10.0.40219.1
Project("{2150E333-8FDC-42A3-9474-1A3956D46DE8}") = "src", "src", "{6F492591-C0B1-4AAE-8B3E-39F9F174655D}"
EndProject
Project("{2150E333-8FDC-42A3-9474-1A3956D46DE8}") = "Core", "Core", "{BCC1A635-BB1F-40AA-B444-5D9CDE38A161}"
EndProject
Project("{2150E333-8FDC-42A3-9474-1A3956D46DE8}") = "External", "External", "{CA463D69-0C5A-4292-8364-4C8411DE1646}"
EndProject
Project("{FAE04EC0-301F-11D3-BF4B-00C04F79EFBC}") = "WAD_17191.Domain", "src\WAD_17191.Domain\WAD_17191.Domain.csproj", "{A0CA1417-2ACD-4676-BB04-EDE33E06EDB7}"
EndProject
Project("{FAE04EC0-301F-11D3-BF4B-00C04F79EFBC}") = "WAD_17191.Application", "src\WAD_17191.Application\WAD_17191.Application.csproj", "{FA74D9D4-A9C0-462B-A391-F37F2C31A717}"
EndProject
Project("{FAE04EC0-301F-11D3-BF4B-00C04F79EFBC}") = "WAD_17191.Infrastructure", "src\WAD_17191.Infrastructure\WAD_17191.Infrastructure.csproj", "{B4AA59E9-BA71-4608-AE50-E8BFC2FB28FF}"
EndProject
Project("{FAE04EC0-301F-11D3-BF4B-00C04F79EFBC}") = "WAD_17191.Presentation", "src\WAD_17191.Presentation\WAD_17191.Presentation.csproj", "{E90BE185-FD96-4E4F-9465-361BED953E56}"
EndProject
Global
	GlobalSection(SolutionConfigurationPlatforms) = preSolution
		Debug|Any CPU = Debug|Any CPU
		Release|Any CPU = Release|Any CPU
	EndGlobalSection
	GlobalSection(ProjectConfigurationPlatforms) = postSolution
		{A0CA1417-2ACD-4676-BB04-EDE33E06EDB7}.Debug|Any CPU.ActiveCfg = Debug|Any CPU
		{A0CA1417-2ACD-4676-BB04-EDE33E06EDB7}.Debug|Any CPU.Build.0 = Debug|Any CPU
		{A0CA1417-2ACD-4676-BB04-EDE33E06EDB7}.Release|Any CPU.ActiveCfg = Release|Any CPU
		{A0CA1417-2ACD-4676-BB04-EDE33E06EDB7}.Release|Any CPU.Build.0 = Release|Any CPU
		{FA74D9D4-A9C0-462B-A391-F37F2C31A717}.Debug|Any CPU.ActiveCfg = Debug|Any CPU
		{FA74D9D4-A9C0-462B-A391-F37F2C31A717}.Debug|Any CPU.Build.0 = Debug|Any CPU
		{FA74D9D4-A9C0-462B-A391-F37F2C31A717}.Release|Any CPU.ActiveCfg = Release|Any CPU
		{FA74D9D4-A9C0-462B-A391-F37F2C31A717}.Release|Any CPU.Build.0 = Release|Any CPU
		{B4AA59E9-BA71-4608-AE50-E8BFC2FB28FF}.Debug|Any CPU.ActiveCfg = Debug|Any CPU
		{B4AA59E9-BA71-4608-AE50-E8BFC2FB28FF}.Debug|Any CPU.Build.0 = Debug|Any CPU
		{B4AA59E9-BA71-4608-AE50-E8BFC2FB28FF}.Release|Any CPU.ActiveCfg = Release|Any CPU
		{B4AA59E9-BA71-4608-AE50-E8BFC2FB28FF}.Release|Any CPU.Build.0 = Release|Any CPU
		{E90BE185-FD96-4E4F-9465-361BED953E56}.Debug|Any CPU.ActiveCfg = Debug|Any CPU
		{E90BE185-FD96-4E4F-9465-361BED953E56}.Debug|Any CPU.Build.0 = Debug|Any CPU
		{E90BE185-FD96-4E4F-9465-361BED953E56}.Release|Any CPU.ActiveCfg = Release|Any CPU
		{E90BE185-FD96-4E4F-9465-361BED953E56}.Release|Any CPU.Build.0 = Release|Any CPU
	EndGlobalSection
	GlobalSection(SolutionProperties) = preSolution
		HideSolutionNode = FALSE
	EndGlobalSection
	GlobalSection(NestedProjects) = preSolution
		{BCC1A635-BB1F-40AA-B444-5D9CDE38A161} = {6F492591-C0B1-4AAE-8B3E-39F9F174655D}
		{CA463D69-0C5A-4292-8364-4C8411DE1646} = {6F492591-C0B1-4AAE-8B3E-39F9F174655D}
		{A0CA1417-2ACD-4676-BB04-EDE33E06EDB7} = {BCC1A635-BB1F-40AA-B444-5D9CDE38A161}
		{FA74D9D4-A9C0-462B-A391-F37F2C31A717} = {BCC1A635-BB1F-40AA-B444-5D9CDE38A161}
		{B4AA59E9-BA71-4608-AE50-E8BFC2FB28FF} = {CA463D69-0C5A-4292-8364-4C8411DE1646}
		{E90BE185-FD96-4E4F-9465-361BED953E56} = {CA463D69-0C5A-4292-8364-4C8411DE1646}
	EndGlobalSection
	GlobalSection(ExtensibilityGlobals) = postSolution
		SolutionGuid = {E339D68D-033F-4D3D-A5B5-57904BF1104D}
	EndGlobalSection
EndGlobal
